Microsoft Visual Studio Solution File, Format Version 12.00
# Visual Studio 2012
Project("{FAE04EC0-301F-11D3-BF4B-00C04F79EFBC}") = "Ludum56", "Ludum56.csproj", "{DE133CE1-B002-48CC-8DA6-CF4058CC255D}"
EndProject
Global
	GlobalSection(SolutionConfigurationPlatforms) = preSolution
	Debug|Any CPU = Debug|Any CPU
	ExportDebug|Any CPU = ExportDebug|Any CPU
	ExportRelease|Any CPU = ExportRelease|Any CPU
	EndGlobalSection
	GlobalSection(ProjectConfigurationPlatforms) = postSolution
		{DE133CE1-B002-48CC-8DA6-CF4058CC255D}.Debug|Any CPU.ActiveCfg = Debug|Any CPU
		{DE133CE1-B002-48CC-8DA6-CF4058CC255D}.Debug|Any CPU.Build.0 = Debug|Any CPU
		{DE133CE1-B002-48CC-8DA6-CF4058CC255D}.ExportDebug|Any CPU.ActiveCfg = ExportDebug|Any CPU
		{DE133CE1-B002-48CC-8DA6-CF4058CC255D}.ExportDebug|Any CPU.Build.0 = ExportDebug|Any CPU
		{DE133CE1-B002-48CC-8DA6-CF4058CC255D}.ExportRelease|Any CPU.ActiveCfg = ExportRelease|Any CPU
		{DE133CE1-B002-48CC-8DA6-CF4058CC255D}.ExportRelease|Any CPU.Build.0 = ExportRelease|Any CPU
	EndGlobalSection
EndGlobal
